lockfileVersion: '9.0'

settings:
  autoInstallPeers: true
  excludeLinksFromLockfile: false

importers:

  .:
    dependencies:
      '@changesets/release-utils':
        specifier: ^0.2.2
        version: 0.2.2
      '@manypkg/get-packages':
        specifier: ^2.2.2
        version: 2.2.2
      commander:
        specifier: ^13.1.0
        version: 13.1.0
      octokit:
        specifier: ^4.1.0
        version: 4.1.0
    devDependencies:
      '@changesets/types':
        specifier: ^6.0.0
        version: 6.0.0
      '@types/node':
        specifier: ^22.13.1
        version: 22.13.1
      oxlint:
        specifier: ^0.15.9
        version: 0.15.9
      typescript:
        specifier: ^5.7.3
        version: 5.7.3

packages:

  '@babel/runtime@7.26.7':
    resolution: {integrity: sha512-AOPI3D+a8dXnja+iwsUqGRjr1BbZIe771sXdapOtYI531gSqpi92vXivKcq2asu/DFpdl1ceFAKZyRzK2PCVcQ==}
    engines: {node: '>=6.9.0'}

  '@changesets/errors@0.2.0':
    resolution: {integrity: sha512-6BLOQUscTpZeGljvyQXlWOItQyU71kCdGz7Pi8H8zdw6BI0g3m43iL4xKUVPWtG+qrrL9DTjpdn8eYuCQSRpow==}

  '@changesets/git@3.0.2':
    resolution: {integrity: sha512-r1/Kju9Y8OxRRdvna+nxpQIsMsRQn9dhhAZt94FLDeu0Hij2hnOozW8iqnHBgvu+KdnJppCveQwK4odwfw/aWQ==}

  '@changesets/logger@0.1.1':
    resolution: {integrity: sha512-OQtR36ZlnuTxKqoW4Sv6x5YIhOmClRd5pWsjZsddYxpWs517R0HkyiefQPIytCVh4ZcC5x9XaG8KTdd5iRQUfg==}

  '@changesets/parse@0.4.0':
    resolution: {integrity: sha512-TS/9KG2CdGXS27S+QxbZXgr8uPsP4yNJYb4BC2/NeFUj80Rni3TeD2qwWmabymxmrLo7JEsytXH1FbpKTbvivw==}

  '@changesets/pre@2.0.1':
    resolution: {integrity: sha512-vvBJ/If4jKM4tPz9JdY2kGOgWmCowUYOi5Ycv8dyLnEE8FgpYYUo1mgJZxcdtGGP3aG8rAQulGLyyXGSLkIMTQ==}

  '@changesets/read@0.6.2':
    resolution: {integrity: sha512-wjfQpJvryY3zD61p8jR87mJdyx2FIhEcdXhKUqkja87toMrP/3jtg/Yg29upN+N4Ckf525/uvV7a4tzBlpk6gg==}

  '@changesets/release-utils@0.2.2':
    resolution: {integrity: sha512-Bto68KnFOWb1LP9dTTb8CdQiETQHdyV6FnoKlh5VxukKitvcVL4lTQ4Qfb1QH+j9RzD4aIWx6YrAlw8GVRx7dA==}

  '@changesets/types@4.1.0':
    resolution: {integrity: sha512-LDQvVDv5Kb50ny2s25Fhm3d9QSZimsoUGBsUioj6MC3qbMUCuC8GPIvk/M6IvXx3lYhAs0lwWUQLb+VIEUCECw==}

  '@changesets/types@6.0.0':
    resolution: {integrity: sha512-b1UkfNulgKoWfqyHtzKS5fOZYSJO+77adgL7DLRDr+/7jhChN+QcHnbjiQVOz/U+Ts3PGNySq7diAItzDgugfQ==}

  '@manypkg/find-root@1.1.0':
    resolution: {integrity: sha512-mki5uBvhHzO8kYYix/WRy2WX8S3B5wdVSc9D6KcU5lQNglP2yt58/VfLuAK49glRXChosY8ap2oJ1qgma3GUVA==}

  '@manypkg/find-root@2.2.3':
    resolution: {integrity: sha512-jtEZKczWTueJYHjGpxU3KJQ08Gsrf4r6Q2GjmPp/RGk5leeYAA1eyDADSAF+KVCsQ6EwZd/FMcOFCoMhtqdCtQ==}
    engines: {node: '>=14.18.0'}

  '@manypkg/get-packages@1.1.3':
    resolution: {integrity: sha512-fo+QhuU3qE/2TQMQmbVMqaQ6EWbMhi4ABWP+O4AM1NqPBuy0OrApV5LO6BrrgnhtAHS2NH6RrVk9OL181tTi8A==}

  '@manypkg/get-packages@2.2.2':
    resolution: {integrity: sha512-3+Zd8kLZmsyJFmWTBtY0MAuCErI7yKB2cjMBlujvSVKZ2R/BMXi0kjCXu2dtRlSq/ML86t1FkumT0yreQ3n8OQ==}
    engines: {node: '>=14.18.0'}

  '@manypkg/tools@1.1.2':
    resolution: {integrity: sha512-3lBouSuF7CqlseLB+FKES0K4FQ02JrbEoRtJhxnsyB1s5v4AP03gsoohN8jp7DcOImhaR9scYdztq3/sLfk/qQ==}
    engines: {node: '>=14.18.0'}

  '@nodelib/fs.scandir@2.1.5':
    resolution: {integrity: sha512-vq24Bq3ym5HEQm2NKCr3yXDwjc7vTsEThRDnkp2DK9p1uqLR+DHurm/NOTo0KG7HYHU7eppKZj3MyqYuMBf62g==}
    engines: {node: '>= 8'}

  '@nodelib/fs.stat@2.0.5':
    resolution: {integrity: sha512-RkhPPp2zrqDAQA/2jNhnztcPAlv64XdhIp7a7454A5ovI7Bukxgt7MX7udwAu3zg1DcpPU0rz3VV1SeaqvY4+A==}
    engines: {node: '>= 8'}

  '@nodelib/fs.walk@1.2.8':
    resolution: {integrity: sha512-oGB+UxlgWcgQkgwo8GcEGwemoTFt3FIO9ababBmaGwXIoBKZ+GTy0pP185beGg7Llih/NSHSV2XAs1lnznocSg==}
    engines: {node: '>= 8'}

  '@octokit/app@15.1.2':
    resolution: {integrity: sha512-6aKmKvqnJKoVK+kx0mLlBMKmQYoziPw4Rd/PWr0j65QVQlrDXlu6hGU8fmTXt7tNkf/DsubdIaTT4fkoWzCh5g==}
    engines: {node: '>= 18'}

  '@octokit/auth-app@7.1.4':
    resolution: {integrity: sha512-5F+3l/maq9JfWQ4bV28jT2G/K8eu9OJ317yzXPTGe4Kw+lKDhFaS4dQ3Ltmb6xImKxfCQdqDqMXODhc9YLipLw==}
    engines: {node: '>= 18'}

  '@octokit/auth-oauth-app@8.1.2':
    resolution: {integrity: sha512-3woNZgq5/S6RS+9ZTq+JdymxVr7E0s4EYxF20ugQvgX3pomdPUL5r/XdTY9wALoBM2eHVy4ettr5fKpatyTyHw==}
    engines: {node: '>= 18'}

  '@octokit/auth-oauth-device@7.1.2':
    resolution: {integrity: sha512-gTOIzDeV36OhVfxCl69FmvJix7tJIiU6dlxuzLVAzle7fYfO8UDyddr9B+o4CFQVaMBLMGZ9ak2CWMYcGeZnPw==}
    engines: {node: '>= 18'}

  '@octokit/auth-oauth-user@5.1.2':
    resolution: {integrity: sha512-PgVDDPJgZYb3qSEXK4moksA23tfn68zwSAsQKZ1uH6IV9IaNEYx35OXXI80STQaLYnmEE86AgU0tC1YkM4WjsA==}
    engines: {node: '>= 18'}

  '@octokit/auth-token@5.1.2':
    resolution: {integrity: sha512-JcQDsBdg49Yky2w2ld20IHAlwr8d/d8N6NiOXbtuoPCqzbsiJgF633mVUw3x4mo0H5ypataQIX7SFu3yy44Mpw==}
    engines: {node: '>= 18'}

  '@octokit/auth-unauthenticated@6.1.1':
    resolution: {integrity: sha512-bGXqdN6RhSFHvpPq46SL8sN+F3odQ6oMNLWc875IgoqcC3qus+fOL2th6Tkl94wvdSTy8/OeHzWy/lZebmnhog==}
    engines: {node: '>= 18'}

  '@octokit/core@6.1.3':
    resolution: {integrity: sha512-z+j7DixNnfpdToYsOutStDgeRzJSMnbj8T1C/oQjB6Aa+kRfNjs/Fn7W6c8bmlt6mfy3FkgeKBRnDjxQow5dow==}
    engines: {node: '>= 18'}

  '@octokit/endpoint@10.1.2':
    resolution: {integrity: sha512-XybpFv9Ms4hX5OCHMZqyODYqGTZ3H6K6Vva+M9LR7ib/xr1y1ZnlChYv9H680y77Vd/i/k+thXApeRASBQkzhA==}
    engines: {node: '>= 18'}

  '@octokit/graphql@8.2.0':
    resolution: {integrity: sha512-gejfDywEml/45SqbWTWrhfwvLBrcGYhOn50sPOjIeVvH6i7D16/9xcFA8dAJNp2HMcd+g4vru41g4E2RBiZvfQ==}
    engines: {node: '>= 18'}

  '@octokit/oauth-app@7.1.5':
    resolution: {integrity: sha512-/Y2MiwWDlGUK4blKKfjJiwjzu/FzwKTTTfTZAAQ0QbdBIDEGJPWhOFH6muSN86zaa4tNheB4YS3oWIR2e4ydzA==}
    engines: {node: '>= 18'}

  '@octokit/oauth-authorization-url@7.1.1':
    resolution: {integrity: sha512-ooXV8GBSabSWyhLUowlMIVd9l1s2nsOGQdlP2SQ4LnkEsGXzeCvbSbCPdZThXhEFzleGPwbapT0Sb+YhXRyjCA==}
    engines: {node: '>= 18'}

  '@octokit/oauth-methods@5.1.3':
    resolution: {integrity: sha512-M+bDBi5H8FnH0xhCTg0m9hvcnppdDnxUqbZyOkxlLblKpLAR+eT2nbDPvJDp0eLrvJWA1I8OX0KHf/sBMQARRA==}
    engines: {node: '>= 18'}

  '@octokit/openapi-types@23.0.1':
    resolution: {integrity: sha512-izFjMJ1sir0jn0ldEKhZ7xegCTj/ObmEDlEfpFrx4k/JyZSMRHbO3/rBwgE7f3m2DHt+RrNGIVw4wSmwnm3t/g==}

  '@octokit/openapi-webhooks-types@8.5.1':
    resolution: {integrity: sha512-i3h1b5zpGSB39ffBbYdSGuAd0NhBAwPyA3QV3LYi/lx4lsbZiu7u2UHgXVUR6EpvOI8REOuVh1DZTRfHoJDvuQ==}

  '@octokit/plugin-paginate-graphql@5.2.4':
    resolution: {integrity: sha512-pLZES1jWaOynXKHOqdnwZ5ULeVR6tVVCMm+AUbp0htdcyXDU95WbkYdU4R2ej1wKj5Tu94Mee2Ne0PjPO9cCyA==}
    engines: {node: '>= 18'}
    peerDependencies:
      '@octokit/core': '>=6'

  '@octokit/plugin-paginate-rest@11.4.0':
    resolution: {integrity: sha512-ttpGck5AYWkwMkMazNCZMqxKqIq1fJBNxBfsFwwfyYKTf914jKkLF0POMS3YkPBwp5g1c2Y4L79gDz01GhSr1g==}
    engines: {node: '>= 18'}
    peerDependencies:
      '@octokit/core': '>=6'

  '@octokit/plugin-rest-endpoint-methods@13.3.0':
    resolution: {integrity: sha512-LUm44shlmkp/6VC+qQgHl3W5vzUP99ZM54zH6BuqkJK4DqfFLhegANd+fM4YRLapTvPm4049iG7F3haANKMYvQ==}
    engines: {node: '>= 18'}
    peerDependencies:
      '@octokit/core': '>=6'

  '@octokit/plugin-retry@7.1.3':
    resolution: {integrity: sha512-8nKOXvYWnzv89gSyIvgFHmCBAxfQAOPRlkacUHL9r5oWtp5Whxl8Skb2n3ACZd+X6cYijD6uvmrQuPH/UCL5zQ==}
    engines: {node: '>= 18'}
    peerDependencies:
      '@octokit/core': '>=6'

  '@octokit/plugin-throttling@9.4.0':
    resolution: {integrity: sha512-IOlXxXhZA4Z3m0EEYtrrACkuHiArHLZ3CvqWwOez/pURNqRuwfoFlTPbN5Muf28pzFuztxPyiUiNwz8KctdZaQ==}
    engines: {node: '>= 18'}
    peerDependencies:
      '@octokit/core': ^6.1.3

  '@octokit/request-error@6.1.6':
    resolution: {integrity: sha512-pqnVKYo/at0NuOjinrgcQYpEbv4snvP3bKMRqHaD9kIsk9u1LCpb2smHZi8/qJfgeNqLo5hNW4Z7FezNdEo0xg==}
    engines: {node: '>= 18'}

  '@octokit/request@9.2.0':
    resolution: {integrity: sha512-kXLfcxhC4ozCnAXy2ff+cSxpcF0A1UqxjvYMqNuPIeOAzJbVWQ+dy5G2fTylofB/gTbObT8O6JORab+5XtA1Kw==}
    engines: {node: '>= 18'}

  '@octokit/types@13.8.0':
    resolution: {integrity: sha512-x7DjTIbEpEWXK99DMd01QfWy0hd5h4EN+Q7shkdKds3otGQP+oWE/y0A76i1OvH9fygo4ddvNf7ZvF0t78P98A==}

  '@octokit/webhooks-methods@5.1.0':
    resolution: {integrity: sha512-yFZa3UH11VIxYnnoOYCVoJ3q4ChuSOk2IVBBQ0O3xtKX4x9bmKb/1t+Mxixv2iUhzMdOl1qeWJqEhouXXzB3rQ==}
    engines: {node: '>= 18'}

  '@octokit/webhooks@13.5.0':
    resolution: {integrity: sha512-uSO/TCCfi9vaZHOBsGWsRNBXYYKtLnSDbHI+std0M80AaEd7AnVfLqvk+9V3GP1faPcOx06ADx+h8UWwvemIGw==}
    engines: {node: '>= 18'}

  '@oxlint/darwin-arm64@0.15.9':
    resolution: {integrity: sha512-uN7/cTetK0wL4+EAOf6I5nVnUE0skeXoAJ0wl+5o1Lx/o50GcQhJacEEBm/748hxyy+gTRa53mulfR88IpYibA==}
    cpu: [arm64]
    os: [darwin]

  '@oxlint/darwin-x64@0.15.9':
    resolution: {integrity: sha512-8X2+2szTo/C0lxhP3yn5CCj6Vr+U4QQcCIM2hShSekPrh151PHrARV9/vywLssx4MhMvz7TqYZK2YQTDGjKwQw==}
    cpu: [x64]
    os: [darwin]

  '@oxlint/linux-arm64-gnu@0.15.9':
    resolution: {integrity: sha512-o6coJobmKJu++KDpU3GoXrBKXKSwGlZHpotHp8H1PIqPsfU+0psv/hhjDhjN7UwDxrULnRIzKj0giDXdAXK55A==}
    cpu: [arm64]
    os: [linux]

  '@oxlint/linux-arm64-musl@0.15.9':
    resolution: {integrity: sha512-wI1yvE490/r4GAmiocIsYKEY++SGzbcO7dwPrx6ZwvPmAhHqdM0v6GFJdUx6Pk9DnvATSgptiF5QnpRb3ZRqdQ==}
    cpu: [arm64]
    os: [linux]

  '@oxlint/linux-x64-gnu@0.15.9':
    resolution: {integrity: sha512-EE6HtlWAyT1FJ4BOy+qXKqbQgsKrBeom5qjUsTUBrh2SdNeWSscgOQEaxupWlToxLX+O322L9iY07GsR0pgDuQ==}
    cpu: [x64]
    os: [linux]

  '@oxlint/linux-x64-musl@0.15.9':
    resolution: {integrity: sha512-TGmYoNkxLxYzQTAICF7WN+FWYZ3Gg2MgKCRhnLQGQ3GPPKy616nBu4ICENgxa2r5IHnNrRSRR8wJlyXS6XK3/Q==}
    cpu: [x64]
    os: [linux]

  '@oxlint/win32-arm64@0.15.9':
    resolution: {integrity: sha512-dA5UTFXYepfVLX2lowhAgBqKif2Ww6AwGi5rZPXXR2g6+ZenRyTxwY2WOoVZUpxwaBjG+9H/04lSUDH8nAB4JQ==}
    cpu: [arm64]
    os: [win32]

  '@oxlint/win32-x64@0.15.9':
    resolution: {integrity: sha512-6lqsMe8SEJ2hCvz07WDPXjaimM2lLbNj26LVWDOluENQhJ15TAmpQXv4WIhlkSM2NTDJMw3ESiQ7FPAVqaqCFw==}
    cpu: [x64]
    os: [win32]

  '@types/aws-lambda@8.10.147':
    resolution: {integrity: sha512-nD0Z9fNIZcxYX5Mai2CTmFD7wX7UldCkW2ezCF8D1T5hdiLsnTWDGRpfRYntU6VjTdLQjOvyszru7I1c1oCQew==}

  '@types/node@12.20.55':
    resolution: {integrity: sha512-J8xLz7q2OFulZ2cyGTLE1TbbZcjpno7FaN6zdJNrgAdrJ+DZzh/uFR6YrTb4C+nXakvud8Q4+rbhoIWlYQbUFQ==}

  '@types/node@22.13.1':
    resolution: {integrity: sha512-jK8uzQlrvXqEU91UxiK5J7pKHyzgnI1Qnl0QDHIgVGuolJhRb9EEl28Cj9b3rGR8B2lhFCtvIm5os8lFnO/1Ew==}

  '@types/unist@2.0.11':
    resolution: {integrity: sha512-CmBKiL6NNo/OqgmMn95Fk9Whlp2mtvIv+KNpQKN2F4SjvrEesubTRWGYSg+BnWZOnlCaSTU1sMpsBOzgbYhnsA==}

  argparse@1.0.10:
    resolution: {integrity: sha512-o5Roy6tNG4SL/FOkCAN6RzjiakZS25RLYFrcMttJqbdd8BWrnA+fGz57iN5Pb06pvBGvl5gQ0B48dJlslXvoTg==}

  argparse@2.0.1:
    resolution: {integrity: sha512-8+9WqebbFzpX9OR+Wa6O29asIogeRMzcGtAINdpMHHyAg10f05aSFVBbcEqGf/PXw1EjAZ+q2/bEBg3DvurK3Q==}

  array-union@2.1.0:
    resolution: {integrity: sha512-HGyxoOTYUyCM6stUe6EJgnd4EoewAI7zMdfqO+kGjnlZmBDz/cR5pf8r/cR4Wq60sL/p0IkcjUEEPwS3GFrIyw==}
    engines: {node: '>=8'}

  bail@1.0.5:
    resolution: {integrity: sha512-xFbRxM1tahm08yHBP16MMjVUAvDaBMD38zsM9EMAUN61omwLmKlOpB/Zku5QkjZ8TZ4vn53pj+t518cH0S03RQ==}

  before-after-hook@3.0.2:
    resolution: {integrity: sha512-Nik3Sc0ncrMK4UUdXQmAnRtzmNQTAAXmXIopizwZ1W1t8QmfJj+zL4OA2I7XPTPW5z5TDqv4hRo/JzouDJnX3A==}

  better-path-resolve@1.0.0:
    resolution: {integrity: sha512-pbnl5XzGBdrFU/wT4jqmJVPn2B6UHPBOhzMQkY/SPUPB6QtUXtmBHBIwCbXJol93mOpGMnQyP/+BB19q04xj7g==}
    engines: {node: '>=4'}

  bottleneck@2.19.5:
    resolution: {integrity: sha512-VHiNCbI1lKdl44tGrhNfU3lup0Tj/ZBMJB5/2ZbNXRCPuRCO7ed2mgcK4r17y+KB2EfuYuRaVlwNbAeaWGSpbw==}

  braces@3.0.3:
    resolution: {integrity: sha512-yQbXgO/OSZVD2IsiLlro+7Hf6Q18EJrKSEsdoMzKePKXct3gvD8oLcOQdIzGupr5Fj+EDe8gO/lxc1BzfMpxvA==}
    engines: {node: '>=8'}

  ccount@1.1.0:
    resolution: {integrity: sha512-vlNK021QdI7PNeiUh/lKkC/mNHHfV0m/Ad5JoI0TYtlBnJAslM/JIkm/tGC88bkLIwO6OQ5uV6ztS6kVAtCDlg==}

  character-entities-html4@1.1.4:
    resolution: {integrity: sha512-HRcDxZuZqMx3/a+qrzxdBKBPUpxWEq9xw2OPZ3a/174ihfrQKVsFhqtthBInFy1zZ9GgZyFXOatNujm8M+El3g==}

  character-entities-legacy@1.1.4:
    resolution: {integrity: sha512-3Xnr+7ZFS1uxeiUDvV02wQ+QDbc55o97tIV5zHScSPJpcLm/r0DFPcoY3tYRp+VZukxuMeKgXYmsXQHO05zQeA==}

  character-entities@1.2.4:
    resolution: {integrity: sha512-iBMyeEHxfVnIakwOuDXpVkc54HijNgCyQB2w0VfGQThle6NXn50zU6V/u+LDhxHcDUPojn6Kpga3PTAD8W1bQw==}

  character-reference-invalid@1.1.4:
    resolution: {integrity: sha512-mKKUkUbhPpQlCOfIuZkvSEgktjPFIsZKRRbC6KWVEMvlzblj3i3asQv5ODsrwt0N3pHAEvjP8KTQPHkp0+6jOg==}

  collapse-white-space@1.0.6:
    resolution: {integrity: sha512-jEovNnrhMuqyCcjfEJA56v0Xq8SkIoPKDyaHahwo3POf4qcSXqMYuwNcOTzp74vTsR9Tn08z4MxWqAhcekogkQ==}

  commander@13.1.0:
    resolution: {integrity: sha512-/rFeCpNJQbhSZjGVwO9RFV3xPqbnERS8MmIQzCtD/zl6gpJuV/bMLuN92oG3F7d8oDEHHRrujSXNUr8fpjntKw==}
    engines: {node: '>=18'}

  cross-spawn@7.0.6:
    resolution: {integrity: sha512-uV2QOWP2nWzsy2aMp8aRibhi9dlzF5Hgh5SHaB9OiTGEyDTiJJyx0uy51QXdyWbtAHNua4XJzUKca3OzKUd3vA==}
    engines: {node: '>= 8'}

  dir-glob@3.0.1:
    resolution: {integrity: sha512-WkrWp9GR4KXfKGYzOLmTuGVi1UWFfws377n9cc55/tb6DuqyF6pcQ5AbiHEshaDpY9v6oaSr2XCDidGmMwdzIA==}
    engines: {node: '>=8'}

  esprima@4.0.1:
    resolution: {integrity: sha512-eGuFFw7Upda+g4p+QHvnW0RyTX/SVeJBDM/gCtMARO0cLuT2HcEKnTPvhjV6aGeqrCB/sbNop0Kszm0jsaWU4A==}
    engines: {node: '>=4'}
    hasBin: true

  extend@3.0.2:
    resolution: {integrity: sha512-fjquC59cD7CyW6urNXK0FBufkZcoiGG80wTuPujX590cB5Ttln20E2UB4S/WARVqhXffZl2LNgS+gQdPIIim/g==}

  extendable-error@0.1.7:
    resolution: {integrity: sha512-UOiS2in6/Q0FK0R0q6UY9vYpQ21mr/Qn1KOnte7vsACuNJf514WvCCUHSRCPcgjPT2bAhNIJdlE6bVap1GKmeg==}

  fast-content-type-parse@2.0.1:
    resolution: {integrity: sha512-nGqtvLrj5w0naR6tDPfB4cUmYCqouzyQiz6C5y/LtcDllJdrcc6WaWW6iXyIIOErTa/XRybj28aasdn4LkVk6Q==}

  fast-glob@3.3.3:
    resolution: {integrity: sha512-7MptL8U0cqcFdzIzwOTHoilX9x5BrNqye7Z/LuC7kCMRio1EMSyqRK3BEAUD7sXRq4iT4AzTVuZdhgQ2TCvYLg==}
    engines: {node: '>=8.6.0'}

  fastq@1.19.0:
    resolution: {integrity: sha512-7SFSRCNjBQIZH/xZR3iy5iQYR8aGBE0h3VG6/cwlbrpdciNYBMotQav8c1XI3HjHH+NikUpP53nPdlZSdWmFzA==}

  fill-range@7.1.1:
    resolution: {integrity: sha512-YsGpe3WHLK8ZYi4tWDg2Jy3ebRz2rXowDxnld4bkQB00cc/1Zw9AWnC0i9ztDJitivtQvaI9KaLyKrc+hBW0yg==}
    engines: {node: '>=8'}

  find-up@4.1.0:
    resolution: {integrity: sha512-PpOwAdQ/YlXQ2vj8a3h8IipDuYRi3wceVQQGYWxNINccq40Anw7BlsEXCMbt1Zt+OLA6Fq9suIpIWD0OsnISlw==}
    engines: {node: '>=8'}

  fs-extra@7.0.1:
    resolution: {integrity: sha512-YJDaCJZEnBmcbw13fvdAM9AwNOJwOzrE4pqMqBq5nFiEqXUqHwlK4B+3pUw6JNvfSPtX05xFHtYy/1ni01eGCw==}
    engines: {node: '>=6 <7 || >=8'}

  fs-extra@8.1.0:
    resolution: {integrity: sha512-yhlQgA6mnOJUKOsRUFsgJdQCvkKhcz8tlZG5HBQfReYZy46OwLcY+Zia0mtdHsOo9y/hP+CxMN0TU9QxoOtG4g==}
    engines: {node: '>=6 <7 || >=8'}

  glob-parent@5.1.2:
    resolution: {integrity: sha512-AOIgSQCepiJYwP3ARnGx+5VnTu2HBYdzbGP45eLw1vr3zB3vZLeyed1sC9hnbcOc9/SrMyM5RPQrkGz4aS9Zow==}
    engines: {node: '>= 6'}

  globby@11.1.0:
    resolution: {integrity: sha512-jhIXaOzy1sb8IyocaruWSn1TjmnBVs8Ayhcy83rmxNJ8q2uWKCAj3CnJY+KpGSXCueAPc0i05kVvVKtP1t9S3g==}
    engines: {node: '>=10'}

  graceful-fs@4.2.11:
    resolution: {integrity: sha512-RbJ5/jmFcNNCcDV5o9eTnBLJ/HszWV0P73bc+Ff4nS/rJj+YaS6IGyiOL0VoBYX+l1Wrl3k63h/KrH+nhJ0XvQ==}

  ignore@5.3.2:
    resolution: {integrity: sha512-hsBTNUqQTDwkWtcdYI2i06Y/nUBEsNEDJKjWdigLvegy8kDuJAS8uRlpkkcQpyEXL0Z/pjDy5HBmMjRCJ2gq+g==}
    engines: {node: '>= 4'}

  inherits@2.0.4:
    resolution: {integrity: sha512-k/vGaX4/Yla3WzyMCvTQOXYeIHvqOKtnqBduzTHpzpQZzAskKMhZ2K+EnBiSM9zGSoIFeMpXKxa4dYeZIQqewQ==}

  is-alphabetical@1.0.4:
    resolution: {integrity: sha512-DwzsA04LQ10FHTZuL0/grVDk4rFoVH1pjAToYwBrHSxcrBIGQuXrQMtD5U1b0U2XVgKZCTLLP8u2Qxqhy3l2Vg==}

  is-alphanumeric@1.0.0:
    resolution: {integrity: sha512-ZmRL7++ZkcMOfDuWZuMJyIVLr2keE1o/DeNWh1EmgqGhUcV+9BIVsx0BcSBOHTZqzjs4+dISzr2KAeBEWGgXeA==}
    engines: {node: '>=0.10.0'}

  is-alphanumerical@1.0.4:
    resolution: {integrity: sha512-UzoZUr+XfVz3t3v4KyGEniVL9BDRoQtY7tOyrRybkVNjDFWyo1yhXNGrrBTQxp3ib9BLAWs7k2YKBQsFRkZG9A==}

  is-buffer@2.0.5:
    resolution: {integrity: sha512-i2R6zNFDwgEHJyQUtJEk0XFi1i0dPFn/oqjK3/vPCcDeJvW5NQ83V8QbicfF1SupOaB0h8ntgBC2YiE7dfyctQ==}
    engines: {node: '>=4'}

  is-decimal@1.0.4:
    resolution: {integrity: sha512-RGdriMmQQvZ2aqaQq3awNA6dCGtKpiDFcOzrTWrDAT2MiWrKQVPmxLGHl7Y2nNu6led0kEyoX0enY0qXYsv9zw==}

  is-extglob@2.1.1:
    resolution: {integrity: sha512-SbKbANkN603Vi4jEZv49LeVJMn4yGwsbzZworEoyEiutsN3nJYdbO36zfhGJ6QEDpOZIFkDtnq5JRxmvl3jsoQ==}
    engines: {node: '>=0.10.0'}

  is-glob@4.0.3:
    resolution: {integrity: sha512-xelSayHH36ZgE7ZWhli7pW34hNbNl8Ojv5KVmkJD4hBdD3th8Tfk9vYasLM+mXWOZhFkgZfxhLSnrwRr4elSSg==}
    engines: {node: '>=0.10.0'}

  is-hexadecimal@1.0.4:
    resolution: {integrity: sha512-gyPJuv83bHMpocVYoqof5VDiZveEoGoFL8m3BXNb2VW8Xs+rz9kqO8LOQ5DH6EsuvilT1ApazU0pyl+ytbPtlw==}

  is-number@7.0.0:
    resolution: {integrity: sha512-41Cifkg6e8TylSpdtTpeLVMqvSBEVzTttHvERD741+pnZ8ANv0004MRL43QKPDlK9cGvNp6NZWZUBlbGXYxxng==}
    engines: {node: '>=0.12.0'}

  is-plain-obj@2.1.0:
    resolution: {integrity: sha512-YWnfyRwxL/+SsrWYfOpUtz5b3YD+nyfkHvjbcanzk8zgyO4ASD67uVMRt8k5bM4lLMDnXfriRhOpemw+NfT1eA==}
    engines: {node: '>=8'}

  is-subdir@1.2.0:
    resolution: {integrity: sha512-2AT6j+gXe/1ueqbW6fLZJiIw3F8iXGJtt0yDrZaBhAZEG1raiTxKWU+IPqMCzQAXOUCKdA4UDMgacKH25XG2Cw==}
    engines: {node: '>=4'}

  is-whitespace-character@1.0.4:
    resolution: {integrity: sha512-SDweEzfIZM0SJV0EUga669UTKlmL0Pq8Lno0QDQsPnvECB3IM2aP0gdx5TrU0A01MAPfViaZiI2V1QMZLaKK5w==}

  is-windows@1.0.2:
    resolution: {integrity: sha512-eXK1UInq2bPmjyX6e3VHIzMLobc4J94i4AWn+Hpq3OU5KkrRC96OAcR3PRJ/pGu6m8TRnBHP9dkXQVsT/COVIA==}
    engines: {node: '>=0.10.0'}

  is-word-character@1.0.4:
    resolution: {integrity: sha512-5SMO8RVennx3nZrqtKwCGyyetPE9VDba5ugvKLaD4KopPG5kR4mQ7tNt/r7feL5yt5h3lpuBbIUmCOG2eSzXHA==}

  isexe@2.0.0:
    resolution: {integrity: sha512-RHxMLp9lnKHGHRng9QFhRCMbYAcVpn69smSGcq3f36xjgVVWThj4qqLbTLlq7Ssj8B+fIQ1EuCEGI2lKsyQeIw==}

  jju@1.4.0:
    resolution: {integrity: sha512-8wb9Yw966OSxApiCt0K3yNJL8pnNeIv+OEq2YMidz4FKP6nonSRoOXc80iXY4JaN2FC11B9qsNmDsm+ZOfMROA==}

  js-yaml@3.14.1:
    resolution: {integrity: sha512-okMH7OXXJ7YrN9Ok3/SXrnu4iX9yOk+25nqX4imS2npuvTYDmo/QEZoqwZkYaIDk3jVvBOTOIEgEhaLOynBS9g==}
    hasBin: true

  js-yaml@4.1.0:
    resolution: {integrity: sha512-wpxZs9NoxZaJESJGIZTyDEaYpl0FKSA+FB9aJiyemKhMwkxQg63h4T1KJgUGHpTqPDNRcmmYLugrRjJlBtWvRA==}
    hasBin: true

  jsonfile@4.0.0:
    resolution: {integrity: sha512-m6F1R3z8jjlf2imQHS2Qez5sjKWQzbuuhuJ/FKYFRZvPE3PuHcSMVZzfsLhGVOkfd20obL5SWEBew5ShlquNxg==}

  locate-path@5.0.0:
    resolution: {integrity: sha512-t7hw9pI+WvuwNJXwk5zVHpyhIqzg2qTlklJOf0mVxGSbe3Fp2VieZcduNYjaLDoy6p9uGpQEGWG87WpMKlNq8g==}
    engines: {node: '>=8'}

  longest-streak@2.0.4:
    resolution: {integrity: sha512-vM6rUVCVUJJt33bnmHiZEvr7wPT78ztX7rojL+LW51bHtLh6HTjx84LA5W4+oa6aKEJA7jJu5LR6vQRBpA5DVg==}

  markdown-escapes@1.0.4:
    resolution: {integrity: sha512-8z4efJYk43E0upd0NbVXwgSTQs6cT3T06etieCMEg7dRbzCbxUCK/GHlX8mhHRDcp+OLlHkPKsvqQTCvsRl2cg==}

  markdown-table@1.1.3:
    resolution: {integrity: sha512-1RUZVgQlpJSPWYbFSpmudq5nHY1doEIv89gBtF0s4gW1GF2XorxcA/70M5vq7rLv0a6mhOUccRsqkwhwLCIQ2Q==}

  mdast-util-compact@1.0.4:
    resolution: {integrity: sha512-3YDMQHI5vRiS2uygEFYaqckibpJtKq5Sj2c8JioeOQBU6INpKbdWzfyLqFFnDwEcEnRFIdMsguzs5pC1Jp4Isg==}

  mdast-util-to-string@1.1.0:
    resolution: {integrity: sha512-jVU0Nr2B9X3MU4tSK7JP1CMkSvOj7X5l/GboG1tKRw52lLF1x2Ju92Ms9tNetCcbfX3hzlM73zYo2NKkWSfF/A==}

  merge2@1.4.1:
    resolution: {integrity: sha512-8q7VEgMJW4J8tcfVPy8g09NcQwZdbwFEqhe/WZkoIzjn/3TGDwtOCYtXGxA3O8tPzpczCCDgv+P2P5y00ZJOOg==}
    engines: {node: '>= 8'}

  micromatch@4.0.8:
    resolution: {integrity: sha512-PXwfBhYu0hBCPw8Dn0E+WDYb7af3dSLVWKi3HGv84IdF4TyFoC0ysxFd0Goxw7nSv4T/PzEJQxsYsEiFCKo2BA==}
    engines: {node: '>=8.6'}

  octokit@4.1.0:
    resolution: {integrity: sha512-/UrQAOSvkc+lUUWKNzy4ByAgYU9KpFzZQt8DnC962YmQuDiZb1SNJ90YukCCK5aMzKqqCA+z1kkAlmzYvdYKag==}
    engines: {node: '>= 18'}

  oxlint@0.15.9:
    resolution: {integrity: sha512-h5neHC556pkfaDcFF+UIctGWfGv9oxf6aEKNv9YDriEaxuMBclHr4UY8p+Uml9flrvvdHZiiL/nq8gMJmNuC4g==}
    engines: {node: '>=8.*'}
    hasBin: true

  p-filter@2.1.0:
    resolution: {integrity: sha512-ZBxxZ5sL2HghephhpGAQdoskxplTwr7ICaehZwLIlfL6acuVgZPm8yBNuRAFBGEqtD/hmUeq9eqLg2ys9Xr/yw==}
    engines: {node: '>=8'}

  p-limit@2.3.0:
    resolution: {integrity: sha512-//88mFWSJx8lxCzwdAABTJL2MyWB12+eIY7MDL2SqLmAkeKU9qxRvWuSyTjm3FUmpBEMuFfckAIqEaVGUDxb6w==}
    engines: {node: '>=6'}

  p-locate@4.1.0:
    resolution: {integrity: sha512-R79ZZ/0wAxKGu3oYMlz8jy/kbhsNrS7SKZ7PxEHBgJ5+F2mtFW2fK2cOtBh1cHYkQsbzFV7I+EoRKe6Yt0oK7A==}
    engines: {node: '>=8'}

  p-map@2.1.0:
    resolution: {integrity: sha512-y3b8Kpd8OAN444hxfBbFfj1FY/RjtTd8tzYwhUqNYXx0fXx2iX4maP4Qr6qhIKbQXI02wTLAda4fYUbDagTUFw==}
    engines: {node: '>=6'}

  p-try@2.2.0:
    resolution: {integrity: sha512-R4nPAVTAU0B9D35/Gk3uJf/7XYbQcyohSKdvAxIRSNghFl4e71hVoGnBNQz9cWaXxO2I10KTC+3jMdvvoKw6dQ==}
    engines: {node: '>=6'}

  parse-entities@1.2.2:
    resolution: {integrity: sha512-NzfpbxW/NPrzZ/yYSoQxyqUZMZXIdCfE0OIN4ESsnptHJECoUk3FZktxNuzQf4tjt5UEopnxpYJbvYuxIFDdsg==}

  path-exists@4.0.0:
    resolution: {integrity: sha512-ak9Qy5Q7jYb2Wwcey5Fpvg2KoAc/ZIhLSLOSBmRmygPsGwkVVt0fZa0qrtMz+m6tJTAHfZQ8FnmB4MG4LWy7/w==}
    engines: {node: '>=8'}

  path-key@3.1.1:
    resolution: {integrity: sha512-ojmeN0qd+y0jszEtoY48r0Peq5dwMEkIlCOu6Q5f41lfkswXuKtYrhgoTpLnyIcHm24Uhqx+5Tqm2InSwLhE6Q==}
    engines: {node: '>=8'}

  path-type@4.0.0:
    resolution: {integrity: sha512-gDKb8aZMDeD/tZWs9P6+q0J9Mwkdl6xMV8TjnGP3qJVJ06bdMgkbBlLU8IdfOsIsFz2BW1rNVT3XuNEl8zPAvw==}
    engines: {node: '>=8'}

  picocolors@1.1.1:
    resolution: {integrity: sha512-xceH2snhtb5M9liqDsmEw56le376mTZkEX/jEb/RxNFyegNul7eNslCXP9FDj/Lcu0X8KEyMceP2ntpaHrDEVA==}

  picomatch@2.3.1:
    resolution: {integrity: sha512-JU3teHTNjmE2VCGFzuY8EXzCDVwEqB2a8fsIvwaStHhAWJEeVd1o1QD80CU6+ZdEXXSLbSsuLwJjkCBWqRQUVA==}
    engines: {node: '>=8.6'}

  pify@4.0.1:
    resolution: {integrity: sha512-uB80kBFb/tfd68bVleG9T5GGsGPjJrLAUpR5PZIrhBnIaRTQRjqdJSsIKkOP6OAIFbj7GOrcudc5pNjZ+geV2g==}
    engines: {node: '>=6'}

  queue-microtask@1.2.3:
    resolution: {integrity: sha512-NuaNSa6flKT5JaSYQzJok04JzTL1CA6aGhv5rfLW3PgqA+M2ChpZQnAC8h8i4ZFkBS8X5RqkDBHA7r4hej3K9A==}

  read-yaml-file@1.1.0:
    resolution: {integrity: sha512-VIMnQi/Z4HT2Fxuwg5KrY174U1VdUIASQVWXXyqtNRtxSr9IYkn1rsI6Tb6HsrHCmB7gVpNwX6JxPTHcH6IoTA==}
    engines: {node: '>=6'}

  regenerator-runtime@0.14.1:
    resolution: {integrity: sha512-dYnhHh0nJoMfnkZs6GmmhFknAGRrLznOu5nc9ML+EJxGvrx6H7teuevqVqCuPcPK//3eDrrjQhehXVx9cnkGdw==}

  remark-parse@7.0.2:
    resolution: {integrity: sha512-9+my0lQS80IQkYXsMA8Sg6m9QfXYJBnXjWYN5U+kFc5/n69t+XZVXU/ZBYr3cYH8FheEGf1v87rkFDhJ8bVgMA==}

  remark-stringify@7.0.4:
    resolution: {integrity: sha512-qck+8NeA1D0utk1ttKcWAoHRrJxERYQzkHDyn+pF5Z4whX1ug98uCNPPSeFgLSaNERRxnD6oxIug6DzZQth6Pg==}

  repeat-string@1.6.1:
    resolution: {integrity: sha512-PV0dzCYDNfRi1jCDbJzpW7jNNDRuCOG/jI5ctQcGKt/clZD+YcPS3yIlWuTJMmESC8aevCFmWJy5wjAFgNqN6w==}
    engines: {node: '>=0.10'}

  reusify@1.0.4:
    resolution: {integrity: sha512-U9nH88a3fc/ekCF1l0/UP1IosiuIjyTh7hBvXVMHYgVcfGvt897Xguj2UOLDeI5BG2m7/uwyaLVT6fbtCwTyzw==}
    engines: {iojs: '>=1.0.0', node: '>=0.10.0'}

  run-parallel@1.2.0:
    resolution: {integrity: sha512-5l4VyZR86LZ/lDxZTR6jqL8AFE2S0IFLMP26AbjsLVADxHdhB/c0GUsH+y39UfCi3dzz8OlQuPmnaJOMoDHQBA==}

  semver@7.7.1:
    resolution: {integrity: sha512-hlq8tAfn0m/61p4BVRcPzIGr6LKiMwo4VM6dGi6pt4qcRkmNzTcWq6eCEjEh+qXjkMDvPlOFFSGwQjoEa6gyMA==}
    engines: {node: '>=10'}
    hasBin: true

  shebang-command@2.0.0:
    resolution: {integrity: sha512-kHxr2zZpYtdmrN1qDjrrX/Z1rR1kG8Dx+gkpK1G4eXmvXswmcE1hTWBWYUzlraYw1/yZp6YuDY77YtvbN0dmDA==}
    engines: {node: '>=8'}

  shebang-regex@3.0.0:
    resolution: {integrity: sha512-7++dFhtcx3353uBaq8DDR4NuxBetBzC7ZQOhmTQInHEd6bSrXdiEyzCvG07Z44UYdLShWUyXt5M/yhz8ekcb1A==}
    engines: {node: '>=8'}

  signal-exit@4.1.0:
    resolution: {integrity: sha512-bzyZ1e88w9O1iNJbKnOlvYTrWPDl46O1bG0D3XInv+9tkPrxrN8jUUTiFlDkkmKWgn1M6CfIA13SuGqOa9Korw==}
    engines: {node: '>=14'}

  slash@3.0.0:
    resolution: {integrity: sha512-g9Q1haeby36OSStwb4ntCGGGaKsaVSjQ68fBxoQcutl5fS1vuY18H3wSt3jFyFtrkx+Kz0V1G85A4MyAdDMi2Q==}
    engines: {node: '>=8'}

  spawndamnit@3.0.1:
    resolution: {integrity: sha512-MmnduQUuHCoFckZoWnXsTg7JaiLBJrKFj9UI2MbRPGaJeVpsLcVBu6P/IGZovziM/YBsellCmsprgNA+w0CzVg==}

  sprintf-js@1.0.3:
    resolution: {integrity: sha512-D9cPgkvLlV3t3IzL0D0YLvGA9Ahk4PcvVwUbN0dSGr1aP0Nrt4AEnTUbuGvquEC0mA64Gqt1fzirlRs5ibXx8g==}

  state-toggle@1.0.3:
    resolution: {integrity: sha512-d/5Z4/2iiCnHw6Xzghyhb+GcmF89bxwgXG60wjIiZaxnymbyOmI8Hk4VqHXiVVp6u2ysaskFfXg3ekCj4WNftQ==}

  stringify-entities@2.0.0:
    resolution: {integrity: sha512-fqqhZzXyAM6pGD9lky/GOPq6V4X0SeTAFBl0iXb/BzOegl40gpf/bV3QQP7zULNYvjr6+Dx8SCaDULjVoOru0A==}

  strip-bom@3.0.0:
    resolution: {integrity: sha512-vavAMRXOgBVNF6nyEEmL3DBK19iRpDcoIwW+swQ+CbGiu7lju6t+JklA1MHweoWtadgt4ISVUsXLyDq34ddcwA==}
    engines: {node: '>=4'}

  to-regex-range@5.0.1:
    resolution: {integrity: sha512-65P7iz6X5yEr1cwcgvQxbbIw7Uk3gOy5dIdtZ4rDveLqhrdJP+Li/Hx6tyK0NEb+2GCyneCMJiGqrADCSNk8sQ==}
    engines: {node: '>=8.0'}

  toad-cache@3.7.0:
    resolution: {integrity: sha512-/m8M+2BJUpoJdgAHoG+baCwBT+tf2VraSfkBgl0Y00qIWt41DJ8R5B8nsEw0I58YwF5IZH6z24/2TobDKnqSWw==}
    engines: {node: '>=12'}

  trim-trailing-lines@1.1.4:
    resolution: {integrity: sha512-rjUWSqnfTNrjbB9NQWfPMH/xRK1deHeGsHoVfpxJ++XeYXE0d6B1En37AHfw3jtfTU7dzMzZL2jjpe8Qb5gLIQ==}

  trim@0.0.1:
    resolution: {integrity: sha512-YzQV+TZg4AxpKxaTHK3c3D+kRDCGVEE7LemdlQZoQXn0iennk10RsIoY6ikzAqJTc9Xjl9C1/waHom/J86ziAQ==}
    deprecated: Use String.prototype.trim() instead

  trough@1.0.5:
    resolution: {integrity: sha512-rvuRbTarPXmMb79SmzEp8aqXNKcK+y0XaB298IXueQ8I2PsrATcPBCSPyK/dDNa2iWOhKlfNnOjdAOTBU/nkFA==}

  typescript@5.7.3:
    resolution: {integrity: sha512-84MVSjMEHP+FQRPy3pX9sTVV/INIex71s9TL2Gm5FG/WG1SqXeKyZ0k7/blY/4FdOzI12CBy1vGc4og/eus0fw==}
    engines: {node: '>=14.17'}
    hasBin: true

  undici-types@6.20.0:
    resolution: {integrity: sha512-Ny6QZ2Nju20vw1SRHe3d9jVu6gJ+4e3+MMpqu7pqE5HT6WsTSlce++GQmK5UXS8mzV8DSYHrQH+Xrf2jVcuKNg==}

  unherit@1.1.3:
    resolution: {integrity: sha512-Ft16BJcnapDKp0+J/rqFC3Rrk6Y/Ng4nzsC028k2jdDII/rdZ7Wd3pPT/6+vIIxRagwRc9K0IUX0Ra4fKvw+WQ==}

  unified@8.4.2:
    resolution: {integrity: sha512-JCrmN13jI4+h9UAyKEoGcDZV+i1E7BLFuG7OsaDvTXI5P0qhHX+vZO/kOhz9jn8HGENDKbwSeB0nVOg4gVStGA==}

  unist-util-is@3.0.0:
    resolution: {integrity: sha512-sVZZX3+kspVNmLWBPAB6r+7D9ZgAFPNWm66f7YNb420RlQSbn+n8rG8dGZSkrER7ZIXGQYNm5pqC3v3HopH24A==}

  unist-util-remove-position@1.1.4:
    resolution: {integrity: sha512-tLqd653ArxJIPnKII6LMZwH+mb5q+n/GtXQZo6S6csPRs5zB0u79Yw8ouR3wTw8wxvdJFhpP6Y7jorWdCgLO0A==}

  unist-util-stringify-position@2.0.3:
    resolution: {integrity: sha512-3faScn5I+hy9VleOq/qNbAd6pAx7iH5jYBMS9I1HgQVijz/4mv5Bvw5iw1sC/90CODiKo81G/ps8AJrISn687g==}

  unist-util-visit-parents@2.1.2:
    resolution: {integrity: sha512-DyN5vD4NE3aSeB+PXYNKxzGsfocxp6asDc2XXE3b0ekO2BaRUpBicbbUygfSvYfUz1IkmjFR1YF7dPklraMZ2g==}

  unist-util-visit@1.4.1:
    resolution: {integrity: sha512-AvGNk7Bb//EmJZyhtRUnNMEpId/AZ5Ph/KUpTI09WHQuDZHKovQ1oEv3mfmKpWKtoMzyMC4GLBm1Zy5k12fjIw==}

  universal-github-app-jwt@2.2.0:
    resolution: {integrity: sha512-G5o6f95b5BggDGuUfKDApKaCgNYy2x7OdHY0zSMF081O0EJobw+1130VONhrA7ezGSV2FNOGyM+KQpQZAr9bIQ==}

  universal-user-agent@7.0.2:
    resolution: {integrity: sha512-0JCqzSKnStlRRQfCdowvqy3cy0Dvtlb8xecj/H8JFZuCze4rwjPZQOgvFvn0Ws/usCHQFGpyr+pB9adaGwXn4Q==}

  universalify@0.1.2:
    resolution: {integrity: sha512-rBJeI5CXAlmy1pV+617WB9J63U6XcazHHF2f2dbJix4XzpUF0RS3Zbj0FGIOCAva5P/d/GBOYaACQ1w+0azUkg==}
    engines: {node: '>= 4.0.0'}

  vfile-location@2.0.6:
    resolution: {integrity: sha512-sSFdyCP3G6Ka0CEmN83A2YCMKIieHx0EDaj5IDP4g1pa5ZJ4FJDvpO0WODLxo4LUX4oe52gmSCK7Jw4SBghqxA==}

  vfile-message@2.0.4:
    resolution: {integrity: sha512-DjssxRGkMvifUOJre00juHoP9DPWuzjxKuMDrhNbk2TdaYYBNMStsNhEOt3idrtI12VQYM/1+iM0KOzXi4pxwQ==}

  vfile@4.2.1:
    resolution: {integrity: sha512-O6AE4OskCG5S1emQ/4gl8zK586RqA3srz3nfK/Viy0UPToBc5Trp9BVFb1u0CjsKrAWwnpr4ifM/KBXPWwJbCA==}

  which@2.0.2:
    resolution: {integrity: sha512-BLI3Tl1TW3Pvl70l3yq3Y64i+awpwXqsGBYWkkqMtnbXgrMD+yj7rhW0kuEDxzJaYXGjEW5ogapKNMEKNMjibA==}
    engines: {node: '>= 8'}
    hasBin: true

  xtend@4.0.2:
    resolution: {integrity: sha512-LKYU1iAXJXUgAXn9URjiu+MWhyUXHsvfp7mcuYm9dSUKK0/CjtrUwFAxD82/mCWbtLsGjFIad0wIsod4zrTAEQ==}
    engines: {node: '>=0.4'}

snapshots:

  '@babel/runtime@7.26.7':
    dependencies:
      regenerator-runtime: 0.14.1

  '@changesets/errors@0.2.0':
    dependencies:
      extendable-error: 0.1.7

  '@changesets/git@3.0.2':
    dependencies:
      '@changesets/errors': 0.2.0
      '@manypkg/get-packages': 1.1.3
      is-subdir: 1.2.0
      micromatch: 4.0.8
      spawndamnit: 3.0.1

  '@changesets/logger@0.1.1':
    dependencies:
      picocolors: 1.1.1

  '@changesets/parse@0.4.0':
    dependencies:
      '@changesets/types': 6.0.0
      js-yaml: 3.14.1

  '@changesets/pre@2.0.1':
    dependencies:
      '@changesets/errors': 0.2.0
      '@changesets/types': 6.0.0
      '@manypkg/get-packages': 1.1.3
      fs-extra: 7.0.1

  '@changesets/read@0.6.2':
    dependencies:
      '@changesets/git': 3.0.2
      '@changesets/logger': 0.1.1
      '@changesets/parse': 0.4.0
      '@changesets/types': 6.0.0
      fs-extra: 7.0.1
      p-filter: 2.1.0
      picocolors: 1.1.1

  '@changesets/release-utils@0.2.2':
    dependencies:
      '@changesets/pre': 2.0.1
      '@changesets/read': 0.6.2
      '@changesets/types': 6.0.0
      '@manypkg/get-packages': 1.1.3
      fs-extra: 7.0.1
      mdast-util-to-string: 1.1.0
      remark-parse: 7.0.2
      remark-stringify: 7.0.4
      semver: 7.7.1
      spawndamnit: 3.0.1
      unified: 8.4.2

  '@changesets/types@4.1.0': {}

  '@changesets/types@6.0.0': {}

  '@manypkg/find-root@1.1.0':
    dependencies:
      '@babel/runtime': 7.26.7
      '@types/node': 12.20.55
      find-up: 4.1.0
      fs-extra: 8.1.0

  '@manypkg/find-root@2.2.3':
    dependencies:
      '@manypkg/tools': 1.1.2

  '@manypkg/get-packages@1.1.3':
    dependencies:
      '@babel/runtime': 7.26.7
      '@changesets/types': 4.1.0
      '@manypkg/find-root': 1.1.0
      fs-extra: 8.1.0
      globby: 11.1.0
      read-yaml-file: 1.1.0

  '@manypkg/get-packages@2.2.2':
    dependencies:
      '@manypkg/find-root': 2.2.3
      '@manypkg/tools': 1.1.2

  '@manypkg/tools@1.1.2':
    dependencies:
      fast-glob: 3.3.3
      jju: 1.4.0
      js-yaml: 4.1.0

  '@nodelib/fs.scandir@2.1.5':
    dependencies:
      '@nodelib/fs.stat': 2.0.5
      run-parallel: 1.2.0

  '@nodelib/fs.stat@2.0.5': {}

  '@nodelib/fs.walk@1.2.8':
    dependencies:
      '@nodelib/fs.scandir': 2.1.5
      fastq: 1.19.0

  '@octokit/app@15.1.2':
    dependencies:
      '@octokit/auth-app': 7.1.4
      '@octokit/auth-unauthenticated': 6.1.1
      '@octokit/core': 6.1.3
      '@octokit/oauth-app': 7.1.5
      '@octokit/plugin-paginate-rest': 11.4.0(@octokit/core@6.1.3)
      '@octokit/types': 13.8.0
      '@octokit/webhooks': 13.5.0

  '@octokit/auth-app@7.1.4':
    dependencies:
      '@octokit/auth-oauth-app': 8.1.2
      '@octokit/auth-oauth-user': 5.1.2
      '@octokit/request': 9.2.0
      '@octokit/request-error': 6.1.6
      '@octokit/types': 13.8.0
      toad-cache: 3.7.0
      universal-github-app-jwt: 2.2.0
      universal-user-agent: 7.0.2

  '@octokit/auth-oauth-app@8.1.2':
    dependencies:
      '@octokit/auth-oauth-device': 7.1.2
      '@octokit/auth-oauth-user': 5.1.2
      '@octokit/request': 9.2.0
      '@octokit/types': 13.8.0
      universal-user-agent: 7.0.2

  '@octokit/auth-oauth-device@7.1.2':
    dependencies:
      '@octokit/oauth-methods': 5.1.3
      '@octokit/request': 9.2.0
      '@octokit/types': 13.8.0
      universal-user-agent: 7.0.2

  '@octokit/auth-oauth-user@5.1.2':
    dependencies:
      '@octokit/auth-oauth-device': 7.1.2
      '@octokit/oauth-methods': 5.1.3
      '@octokit/request': 9.2.0
      '@octokit/types': 13.8.0
      universal-user-agent: 7.0.2

  '@octokit/auth-token@5.1.2': {}

  '@octokit/auth-unauthenticated@6.1.1':
    dependencies:
      '@octokit/request-error': 6.1.6
      '@octokit/types': 13.8.0

  '@octokit/core@6.1.3':
    dependencies:
      '@octokit/auth-token': 5.1.2
      '@octokit/graphql': 8.2.0
      '@octokit/request': 9.2.0
      '@octokit/request-error': 6.1.6
      '@octokit/types': 13.8.0
      before-after-hook: 3.0.2
      universal-user-agent: 7.0.2

  '@octokit/endpoint@10.1.2':
    dependencies:
      '@octokit/types': 13.8.0
      universal-user-agent: 7.0.2

  '@octokit/graphql@8.2.0':
    dependencies:
      '@octokit/request': 9.2.0
      '@octokit/types': 13.8.0
      universal-user-agent: 7.0.2

  '@octokit/oauth-app@7.1.5':
    dependencies:
      '@octokit/auth-oauth-app': 8.1.2
      '@octokit/auth-oauth-user': 5.1.2
      '@octokit/auth-unauthenticated': 6.1.1
      '@octokit/core': 6.1.3
      '@octokit/oauth-authorization-url': 7.1.1
      '@octokit/oauth-methods': 5.1.3
      '@types/aws-lambda': 8.10.147
      universal-user-agent: 7.0.2

  '@octokit/oauth-authorization-url@7.1.1': {}

  '@octokit/oauth-methods@5.1.3':
    dependencies:
      '@octokit/oauth-authorization-url': 7.1.1
      '@octokit/request': 9.2.0
      '@octokit/request-error': 6.1.6
      '@octokit/types': 13.8.0

  '@octokit/openapi-types@23.0.1': {}

  '@octokit/openapi-webhooks-types@8.5.1': {}

  '@octokit/plugin-paginate-graphql@5.2.4(@octokit/core@6.1.3)':
    dependencies:
      '@octokit/core': 6.1.3

  '@octokit/plugin-paginate-rest@11.4.0(@octokit/core@6.1.3)':
    dependencies:
      '@octokit/core': 6.1.3
      '@octokit/types': 13.8.0

  '@octokit/plugin-rest-endpoint-methods@13.3.0(@octokit/core@6.1.3)':
    dependencies:
      '@octokit/core': 6.1.3
      '@octokit/types': 13.8.0

  '@octokit/plugin-retry@7.1.3(@octokit/core@6.1.3)':
    dependencies:
      '@octokit/core': 6.1.3
      '@octokit/request-error': 6.1.6
      '@octokit/types': 13.8.0
      bottleneck: 2.19.5

  '@octokit/plugin-throttling@9.4.0(@octokit/core@6.1.3)':
    dependencies:
      '@octokit/core': 6.1.3
      '@octokit/types': 13.8.0
      bottleneck: 2.19.5

  '@octokit/request-error@6.1.6':
    dependencies:
      '@octokit/types': 13.8.0

  '@octokit/request@9.2.0':
    dependencies:
      '@octokit/endpoint': 10.1.2
      '@octokit/request-error': 6.1.6
      '@octokit/types': 13.8.0
      fast-content-type-parse: 2.0.1
      universal-user-agent: 7.0.2

  '@octokit/types@13.8.0':
    dependencies:
      '@octokit/openapi-types': 23.0.1

  '@octokit/webhooks-methods@5.1.0': {}

  '@octokit/webhooks@13.5.0':
    dependencies:
      '@octokit/openapi-webhooks-types': 8.5.1
      '@octokit/request-error': 6.1.6
      '@octokit/webhooks-methods': 5.1.0

  '@oxlint/darwin-arm64@0.15.9':
    optional: true

  '@oxlint/darwin-x64@0.15.9':
    optional: true

  '@oxlint/linux-arm64-gnu@0.15.9':
    optional: true

  '@oxlint/linux-arm64-musl@0.15.9':
    optional: true

  '@oxlint/linux-x64-gnu@0.15.9':
    optional: true

  '@oxlint/linux-x64-musl@0.15.9':
    optional: true

  '@oxlint/win32-arm64@0.15.9':
    optional: true

  '@oxlint/win32-x64@0.15.9':
    optional: true

  '@types/aws-lambda@8.10.147': {}

  '@types/node@12.20.55': {}

  '@types/node@22.13.1':
    dependencies:
      undici-types: 6.20.0

  '@types/unist@2.0.11': {}

  argparse@1.0.10:
    dependencies:
      sprintf-js: 1.0.3

  argparse@2.0.1: {}

  array-union@2.1.0: {}

  bail@1.0.5: {}

  before-after-hook@3.0.2: {}

  better-path-resolve@1.0.0:
    dependencies:
      is-windows: 1.0.2

  bottleneck@2.19.5: {}

  braces@3.0.3:
    dependencies:
      fill-range: 7.1.1

  ccount@1.1.0: {}

  character-entities-html4@1.1.4: {}

  character-entities-legacy@1.1.4: {}

  character-entities@1.2.4: {}

  character-reference-invalid@1.1.4: {}

  collapse-white-space@1.0.6: {}

  commander@13.1.0: {}

  cross-spawn@7.0.6:
    dependencies:
      path-key: 3.1.1
      shebang-command: 2.0.0
      which: 2.0.2

  dir-glob@3.0.1:
    dependencies:
      path-type: 4.0.0

  esprima@4.0.1: {}

  extend@3.0.2: {}

  extendable-error@0.1.7: {}

  fast-content-type-parse@2.0.1: {}

  fast-glob@3.3.3:
    dependencies:
      '@nodelib/fs.stat': 2.0.5
      '@nodelib/fs.walk': 1.2.8
      glob-parent: 5.1.2
      merge2: 1.4.1
      micromatch: 4.0.8

  fastq@1.19.0:
    dependencies:
      reusify: 1.0.4

  fill-range@7.1.1:
    dependencies:
      to-regex-range: 5.0.1

  find-up@4.1.0:
    dependencies:
      locate-path: 5.0.0
      path-exists: 4.0.0

  fs-extra@7.0.1:
    dependencies:
      graceful-fs: 4.2.11
      jsonfile: 4.0.0
      universalify: 0.1.2

  fs-extra@8.1.0:
    dependencies:
      graceful-fs: 4.2.11
      jsonfile: 4.0.0
      universalify: 0.1.2

  glob-parent@5.1.2:
    dependencies:
      is-glob: 4.0.3

  globby@11.1.0:
    dependencies:
      array-union: 2.1.0
      dir-glob: 3.0.1
      fast-glob: 3.3.3
      ignore: 5.3.2
      merge2: 1.4.1
      slash: 3.0.0

  graceful-fs@4.2.11: {}

  ignore@5.3.2: {}

  inherits@2.0.4: {}

  is-alphabetical@1.0.4: {}

  is-alphanumeric@1.0.0: {}

  is-alphanumerical@1.0.4:
    dependencies:
      is-alphabetical: 1.0.4
      is-decimal: 1.0.4

  is-buffer@2.0.5: {}

  is-decimal@1.0.4: {}

  is-extglob@2.1.1: {}

  is-glob@4.0.3:
    dependencies:
      is-extglob: 2.1.1

  is-hexadecimal@1.0.4: {}

  is-number@7.0.0: {}

  is-plain-obj@2.1.0: {}

  is-subdir@1.2.0:
    dependencies:
      better-path-resolve: 1.0.0

  is-whitespace-character@1.0.4: {}

  is-windows@1.0.2: {}

  is-word-character@1.0.4: {}

  isexe@2.0.0: {}

  jju@1.4.0: {}

  js-yaml@3.14.1:
    dependencies:
      argparse: 1.0.10
      esprima: 4.0.1

  js-yaml@4.1.0:
    dependencies:
      argparse: 2.0.1

  jsonfile@4.0.0:
    optionalDependencies:
      graceful-fs: 4.2.11

  locate-path@5.0.0:
    dependencies:
      p-locate: 4.1.0

  longest-streak@2.0.4: {}

  markdown-escapes@1.0.4: {}

  markdown-table@1.1.3: {}

  mdast-util-compact@1.0.4:
    dependencies:
      unist-util-visit: 1.4.1

  mdast-util-to-string@1.1.0: {}

  merge2@1.4.1: {}

  micromatch@4.0.8:
    dependencies:
      braces: 3.0.3
      picomatch: 2.3.1

  octokit@4.1.0:
    dependencies:
      '@octokit/app': 15.1.2
      '@octokit/core': 6.1.3
      '@octokit/oauth-app': 7.1.5
      '@octokit/plugin-paginate-graphql': 5.2.4(@octokit/core@6.1.3)
      '@octokit/plugin-paginate-rest': 11.4.0(@octokit/core@6.1.3)
      '@octokit/plugin-rest-endpoint-methods': 13.3.0(@octokit/core@6.1.3)
      '@octokit/plugin-retry': 7.1.3(@octokit/core@6.1.3)
      '@octokit/plugin-throttling': 9.4.0(@octokit/core@6.1.3)
      '@octokit/request-error': 6.1.6
      '@octokit/types': 13.8.0

  oxlint@0.15.9:
    optionalDependencies:
      '@oxlint/darwin-arm64': 0.15.9
      '@oxlint/darwin-x64': 0.15.9
      '@oxlint/linux-arm64-gnu': 0.15.9
      '@oxlint/linux-arm64-musl': 0.15.9
      '@oxlint/linux-x64-gnu': 0.15.9
      '@oxlint/linux-x64-musl': 0.15.9
      '@oxlint/win32-arm64': 0.15.9
      '@oxlint/win32-x64': 0.15.9

  p-filter@2.1.0:
    dependencies:
      p-map: 2.1.0

  p-limit@2.3.0:
    dependencies:
      p-try: 2.2.0

  p-locate@4.1.0:
    dependencies:
      p-limit: 2.3.0

  p-map@2.1.0: {}

  p-try@2.2.0: {}

  parse-entities@1.2.2:
    dependencies:
      character-entities: 1.2.4
      character-entities-legacy: 1.1.4
      character-reference-invalid: 1.1.4
      is-alphanumerical: 1.0.4
      is-decimal: 1.0.4
      is-hexadecimal: 1.0.4

  path-exists@4.0.0: {}

  path-key@3.1.1: {}

  path-type@4.0.0: {}

  picocolors@1.1.1: {}

  picomatch@2.3.1: {}

  pify@4.0.1: {}

  queue-microtask@1.2.3: {}

  read-yaml-file@1.1.0:
    dependencies:
      graceful-fs: 4.2.11
      js-yaml: 3.14.1
      pify: 4.0.1
      strip-bom: 3.0.0

  regenerator-runtime@0.14.1: {}

  remark-parse@7.0.2:
    dependencies:
      collapse-white-space: 1.0.6
      is-alphabetical: 1.0.4
      is-decimal: 1.0.4
      is-whitespace-character: 1.0.4
      is-word-character: 1.0.4
      markdown-escapes: 1.0.4
      parse-entities: 1.2.2
      repeat-string: 1.6.1
      state-toggle: 1.0.3
      trim: 0.0.1
      trim-trailing-lines: 1.1.4
      unherit: 1.1.3
      unist-util-remove-position: 1.1.4
      vfile-location: 2.0.6
      xtend: 4.0.2

  remark-stringify@7.0.4:
    dependencies:
      ccount: 1.1.0
      is-alphanumeric: 1.0.0
      is-decimal: 1.0.4
      is-whitespace-character: 1.0.4
      longest-streak: 2.0.4
      markdown-escapes: 1.0.4
      markdown-table: 1.1.3
      mdast-util-compact: 1.0.4
      parse-entities: 1.2.2
      repeat-string: 1.6.1
      state-toggle: 1.0.3
      stringify-entities: 2.0.0
      unherit: 1.1.3
      xtend: 4.0.2

  repeat-string@1.6.1: {}

  reusify@1.0.4: {}

  run-parallel@1.2.0:
    dependencies:
      queue-microtask: 1.2.3

  semver@7.7.1: {}

  shebang-command@2.0.0:
    dependencies:
      shebang-regex: 3.0.0

  shebang-regex@3.0.0: {}

  signal-exit@4.1.0: {}

  slash@3.0.0: {}

  spawndamnit@3.0.1:
    dependencies:
      cross-spawn: 7.0.6
      signal-exit: 4.1.0

  sprintf-js@1.0.3: {}

  state-toggle@1.0.3: {}

  stringify-entities@2.0.0:
    dependencies:
      character-entities-html4: 1.1.4
      character-entities-legacy: 1.1.4
      is-alphanumerical: 1.0.4
      is-decimal: 1.0.4
      is-hexadecimal: 1.0.4

  strip-bom@3.0.0: {}

  to-regex-range@5.0.1:
    dependencies:
      is-number: 7.0.0

  toad-cache@3.7.0: {}

  trim-trailing-lines@1.1.4: {}

  trim@0.0.1: {}

  trough@1.0.5: {}

  typescript@5.7.3: {}

  undici-types@6.20.0: {}

  unherit@1.1.3:
    dependencies:
      inherits: 2.0.4
      xtend: 4.0.2

  unified@8.4.2:
    dependencies:
      '@types/unist': 2.0.11
      bail: 1.0.5
      extend: 3.0.2
      is-plain-obj: 2.1.0
      trough: 1.0.5
      vfile: 4.2.1

  unist-util-is@3.0.0: {}

  unist-util-remove-position@1.1.4:
    dependencies:
      unist-util-visit: 1.4.1

  unist-util-stringify-position@2.0.3:
    dependencies:
      '@types/unist': 2.0.11

  unist-util-visit-parents@2.1.2:
    dependencies:
      unist-util-is: 3.0.0

  unist-util-visit@1.4.1:
    dependencies:
      unist-util-visit-parents: 2.1.2

  universal-github-app-jwt@2.2.0: {}

  universal-user-agent@7.0.2: {}

  universalify@0.1.2: {}

  vfile-location@2.0.6: {}

  vfile-message@2.0.4:
    dependencies:
      '@types/unist': 2.0.11
      unist-util-stringify-position: 2.0.3

  vfile@4.2.1:
    dependencies:
      '@types/unist': 2.0.11
      is-buffer: 2.0.5
      unist-util-stringify-position: 2.0.3
      vfile-message: 2.0.4

  which@2.0.2:
    dependencies:
      isexe: 2.0.0

  xtend@4.0.2: {}
